// !$*UTF8*$!
{
	archiveVersion = 1;
	classes = {
	};
	objectVersion = 56;
	objects = {

/* Begin PBXBuildFile section */
		AB1070000000000000000001 /* VoicePreviews in Resources */ = {isa = PBXBuildFile; fileRef = AB1070000000000000000002 /* VoicePreviews */; };
		AB1060000000000000000001 /* PipStartup.wav in Resources */ = {isa = PBXBuildFile; fileRef = AB1060000000000000000002 /* PipStartup.wav */; };
		079A596F004B80CE9ACD0DFB /* pippipgo/Views/WelcomeView.swift in Sources */ = {isa = PBXBuildFile; fileRef = DCCE157C7AAA02B8867AD4C2 /* pippipgo/Views/WelcomeView.swift */; };
		115C62EF751601B1BEB250C6 /* pippipgo/Networking/APIClient.swift in Sources */ = {isa = PBXBuildFile; fileRef = F0FB40147CE94E8F6D0F626A /* pippipgo/Networking/APIClient.swift */; };
		13942DEE7CC5ED9161D3E70E /* pippipgoTests/OAuthCallbackTests.swift in Sources */ = {isa = PBXBuildFile; fileRef = 29707B315ECB0F7B45832291 /* pippipgoTests/OAuthCallbackTests.swift */; };
		524E5E91DE125A8D0B37CD8B /* pippipgo/Models/APIModels.swift in Sources */ = {isa = PBXBuildFile; fileRef = 6B4D02ED4FA0119EDDAEB31A /* pippipgo/Models/APIModels.swift */; };
		5DEBF9C2EB36134EF49CF6D2 /* pippipgo/Authentication/WebAuthenticationSession.swift in Sources */ = {isa = PBXBuildFile; fileRef = 5827A3A67014C66A24897F1D /* pippipgo/Authentication/WebAuthenticationSession.swift */; };
		600834F9F70DBB19E2CB3C51 /* pippipgo/App/pippipgoApp.swift in Sources */ = {isa = PBXBuildFile; fileRef = 53E7947F88D00B53FB6BE799 /* pippipgo/App/pippipgoApp.swift */; };
		61CD483D2A54398A61F34769 /* pippipgoTests/APIClientTests.swift in Sources */ = {isa = PBXBuildFile; fileRef = 0DCF3D26A0C5089D31AC26BA /* pippipgoTests/APIClientTests.swift */; };
		76BE2B073C9E8E69BB7A2BEF /* pippipgo/Authentication/PKCE.swift in Sources */ = {isa = PBXBuildFile; fileRef = 79012E022BA388E795423106 /* pippipgo/Authentication/PKCE.swift */; };
		7E95B7B8F1FC557E4F714AB0 /* pippipgo/Authentication/AuthenticationService.swift in Sources */ = {isa = PBXBuildFile; fileRef = 78135006815C8EF8C18FD67F /* pippipgo/Authentication/AuthenticationService.swift */; };
		85D01F5FA58F3D44F3EEC2EB /* pippipgo/Intelligence/PipHomeView.swift in Sources */ = {isa = PBXBuildFile; fileRef = 82F117ED44547F48A25264E3 /* pippipgo/Intelligence/PipHomeView.swift */; };
		895F76E701808132AAA253BA /* pippipgo/Authentication/KeychainStore.swift in Sources */ = {isa = PBXBuildFile; fileRef = 0CD180DAD3324907BA95633D /* pippipgo/Authentication/KeychainStore.swift */; };
		8A7D0AAA03B3D954C16ECC93 /* pippipgo/Views/RootView.swift in Sources */ = {isa = PBXBuildFile; fileRef = 93AA7315E4B3C8D10B7E618A /* pippipgo/Views/RootView.swift */; };
		925871D8B7D113DA817747AF /* pippipgo/Authentication/AuthModels.swift in Sources */ = {isa = PBXBuildFile; fileRef = D7FC6594536B92CBDD9A9AB8 /* pippipgo/Authentication/AuthModels.swift */; };
		92FB028535EDD7B229161825 /* pippipgo/Authentication/CognitoClient.swift in Sources */ = {isa = PBXBuildFile; fileRef = 04B5A7AB86A3EEBC6072BDB7 /* pippipgo/Authentication/CognitoClient.swift */; };
		9CE9C45DDE146537EF2B33C5 /* pippipgoTests/TokenSetTests.swift in Sources */ = {isa = PBXBuildFile; fileRef = B54AE6BF7A17282BD9447BE2 /* pippipgoTests/TokenSetTests.swift */; };
		A4E59977254D493A953F2190 /* pippipgo/Intelligence/CurrentLocationStore.swift in Sources */ = {isa = PBXBuildFile; fileRef = A4E59977254D493A953F2191 /* pippipgo/Intelligence/CurrentLocationStore.swift */; };
		AABB00112233445566778800 /* pippipgo/Intelligence/TravelOrganizer.swift in Sources */ = {isa = PBXBuildFile; fileRef = AABB00112233445566778801 /* pippipgo/Intelligence/TravelOrganizer.swift */; };
		AED50F1272344B44A096F419 /* pippipgoTests/AppConfigurationTests.swift in Sources */ = {isa = PBXBuildFile; fileRef = 09AAADA0DD1E499C8E85EA37 /* pippipgoTests/AppConfigurationTests.swift */; };
		BBB91D69F28837490217694D /* pippipgo/App/AppConfiguration.swift in Sources */ = {isa = PBXBuildFile; fileRef = 56969A1272136C594F4850CE /* pippipgo/App/AppConfiguration.swift */; };
		BBCC00112233445566778800 /* pippipgo/Intelligence/LiveVoice.swift in Sources */ = {isa = PBXBuildFile; fileRef = BBCC00112233445566778801 /* pippipgo/Intelligence/LiveVoice.swift */; };
		BBCC00112233445566779900 /* pippipgo/Intelligence/LiveTranslation.swift in Sources */ = {isa = PBXBuildFile; fileRef = BBCC00112233445566779901 /* pippipgo/Intelligence/LiveTranslation.swift */; };
		BCC6E64C306792BD007721AD /* Assets.xcassets in Resources */ = {isa = PBXBuildFile; fileRef = BCC6E64B306792BD007721AD /* Assets.xcassets */; };
		C12345678901234567890123B /* pippipgo/Resources/Localizable.xcstrings in Resources */ = {isa = PBXBuildFile; fileRef = C12345678901234567890123A /* pippipgo/Resources/Localizable.xcstrings */; };
		C3403EA2321FDDD7B221862B /* pippipgo/Views/AccountView.swift in Sources */ = {isa = PBXBuildFile; fileRef = 2C068222C123F0F3E07E5C90 /* pippipgo/Views/AccountView.swift */; };
		CCDDEE001122334455667700 /* pippipgo/App/TalkToPipIntent.swift in Sources */ = {isa = PBXBuildFile; fileRef = CCDDEE001122334455667701 /* pippipgo/App/TalkToPipIntent.swift */; };
		DDEE00112233445566778800 /* pippipgo/Intelligence/ConversationContext.swift in Sources */ = {isa = PBXBuildFile; fileRef = DDEE00112233445566778801 /* pippipgo/Intelligence/ConversationContext.swift */; };
		E2B56D09AF03067C2E424E84 /* pippipgo/Authentication/AuthenticationStore.swift in Sources */ = {isa = PBXBuildFile; fileRef = 5F80774D861EF0EC7C63E724 /* pippipgo/Authentication/AuthenticationStore.swift */; };
		E33000000000000000000001 /* LaunchScreen.storyboard in Resources */ = {isa = PBXBuildFile; fileRef = E33000000000000000000002 /* LaunchScreen.storyboard */; };
		ECAEF52020C52402613158E3 /* pippipgo/Authentication/OAuthCallback.swift in Sources */ = {isa = PBXBuildFile; fileRef = 37E4DC20534F270500B78BDD /* pippipgo/Authentication/OAuthCallback.swift */; };
		EEFF00112233445566778800 /* pippipgoTests/ConversationContextTests.swift in Sources */ = {isa = PBXBuildFile; fileRef = EEFF00112233445566778801 /* pippipgoTests/ConversationContextTests.swift */; };
		EEFF00112233445566779900 /* pippipgoTests/LiveTranslationTests.swift in Sources */ = {isa = PBXBuildFile; fileRef = EEFF00112233445566779901 /* pippipgoTests/LiveTranslationTests.swift */; };
		FE92C7C39C5007460E9702EA /* pippipgo/Intelligence/TravelerIntelligence.swift in Sources */ = {isa = PBXBuildFile; fileRef = F7432E3FE07086621256F7BE /* pippipgo/Intelligence/TravelerIntelligence.swift */; };
/* End PBXBuildFile section */

/* Begin PBXContainerItemProxy section */
		D799BAE6088A90139B415FCC /* PBXContainerItemProxy */ = {
			isa = PBXContainerItemProxy;
			containerPortal = 98F54143AB4E86B28C3AFEE0 /* Project object */;
			proxyType = 1;
			remoteGlobalIDString = 7D1043473D55BFA90E8530D3;
			remoteInfo = pippipgo;
		};
/* End PBXContainerItemProxy section */

/* Begin PBXFileReference section */
		AB1070000000000000000002 /* VoicePreviews */ = {isa = PBXFileReference; lastKnownFileType = folder; path = pippipgo/Resources/VoicePreviews; sourceTree = SOURCE_ROOT; };
		AB1060000000000000000002 /* PipStartup.wav */ = {isa = PBXFileReference; lastKnownFileType = audio.wav; path = pippipgo/Resources/PipStartup.wav; sourceTree = SOURCE_ROOT; };
		04B5A7AB86A3EEBC6072BDB7 /* pippipgo/Authentication/CognitoClient.swift */ = {isa = PBXFileReference; lastKnownFileType = sourcecode.swift; path = pippipgo/Authentication/CognitoClient.swift; sourceTree = SOURCE_ROOT; };
		09AAADA0DD1E499C8E85EA37 /* pippipgoTests/AppConfigurationTests.swift */ = {isa = PBXFileReference; lastKnownFileType = sourcecode.swift; path = pippipgoTests/AppConfigurationTests.swift; sourceTree = SOURCE_ROOT; };
		0CD180DAD3324907BA95633D /* pippipgo/Authentication/KeychainStore.swift */ = {isa = PBXFileReference; lastKnownFileType = sourcecode.swift; path = pippipgo/Authentication/KeychainStore.swift; sourceTree = SOURCE_ROOT; };
		0DCF3D26A0C5089D31AC26BA /* pippipgoTests/APIClientTests.swift */ = {isa = PBXFileReference; lastKnownFileType = sourcecode.swift; path = pippipgoTests/APIClientTests.swift; sourceTree = SOURCE_ROOT; };
		23BD9DA4DCDC4906A1C22714 /* Configurations/Local.xcconfig */ = {isa = PBXFileReference; lastKnownFileType = text.xcconfig; path = Configurations/Local.xcconfig; sourceTree = SOURCE_ROOT; };
		29707B315ECB0F7B45832291 /* pippipgoTests/OAuthCallbackTests.swift */ = {isa = PBXFileReference; lastKnownFileType = sourcecode.swift; path = pippipgoTests/OAuthCallbackTests.swift; sourceTree = SOURCE_ROOT; };
		2C068222C123F0F3E07E5C90 /* pippipgo/Views/AccountView.swift */ = {isa = PBXFileReference; lastKnownFileType = sourcecode.swift; path = pippipgo/Views/AccountView.swift; sourceTree = SOURCE_ROOT; };
		2D1ACF13AFFF496A81EA880E /* Configurations/Dev.xcconfig */ = {isa = PBXFileReference; lastKnownFileType = text.xcconfig; path = Configurations/Dev.xcconfig; sourceTree = SOURCE_ROOT; };
		37E4DC20534F270500B78BDD /* pippipgo/Authentication/OAuthCallback.swift */ = {isa = PBXFileReference; lastKnownFileType = sourcecode.swift; path = pippipgo/Authentication/OAuthCallback.swift; sourceTree = SOURCE_ROOT; };
		4E783A9E10D2A8ABA38CD11C /* pippipgo.app */ = {isa = PBXFileReference; explicitFileType = wrapper.application; includeInIndex = 0; path = pippipgo.app; sourceTree = BUILT_PRODUCTS_DIR; };
		53E7947F88D00B53FB6BE799 /* pippipgo/App/pippipgoApp.swift */ = {isa = PBXFileReference; lastKnownFileType = sourcecode.swift; path = pippipgo/App/pippipgoApp.swift; sourceTree = SOURCE_ROOT; };
		56969A1272136C594F4850CE /* pippipgo/App/AppConfiguration.swift */ = {isa = PBXFileReference; lastKnownFileType = sourcecode.swift; path = pippipgo/App/AppConfiguration.swift; sourceTree = SOURCE_ROOT; };
		5827A3A67014C66A24897F1D /* pippipgo/Authentication/WebAuthenticationSession.swift */ = {isa = PBXFileReference; lastKnownFileType = sourcecode.swift; path = pippipgo/Authentication/WebAuthenticationSession.swift; sourceTree = SOURCE_ROOT; };
		5F80774D861EF0EC7C63E724 /* pippipgo/Authentication/AuthenticationStore.swift */ = {isa = PBXFileReference; lastKnownFileType = sourcecode.swift; path = pippipgo/Authentication/AuthenticationStore.swift; sourceTree = SOURCE_ROOT; };
		64FDDF13B10336349E76822A /* pippipgo/Resources/Debug-Info.plist */ = {isa = PBXFileReference; lastKnownFileType = text.plist.xml; path = "pippipgo/Resources/Debug-Info.plist"; sourceTree = SOURCE_ROOT; };
		66C4FE8199D0018E8925718A /* pippipgo/Resources/Release-Info.plist */ = {isa = PBXFileReference; lastKnownFileType = text.plist.xml; path = "pippipgo/Resources/Release-Info.plist"; sourceTree = SOURCE_ROOT; };
		6B4D02ED4FA0119EDDAEB31A /* pippipgo/Models/APIModels.swift */ = {isa = PBXFileReference; lastKnownFileType = sourcecode.swift; path = pippipgo/Models/APIModels.swift; sourceTree = SOURCE_ROOT; };
		6C7CCDEB3609F1FAA874E941 /* pippipgoTests.xctest */ = {isa = PBXFileReference; explicitFileType = wrapper.cfbundle; includeInIndex = 0; path = pippipgoTests.xctest; sourceTree = BUILT_PRODUCTS_DIR; };
		78135006815C8EF8C18FD67F /* pippipgo/Authentication/AuthenticationService.swift */ = {isa = PBXFileReference; lastKnownFileType = sourcecode.swift; path = pippipgo/Authentication/AuthenticationService.swift; sourceTree = SOURCE_ROOT; };
		79012E022BA388E795423106 /* pippipgo/Authentication/PKCE.swift */ = {isa = PBXFileReference; lastKnownFileType = sourcecode.swift; path = pippipgo/Authentication/PKCE.swift; sourceTree = SOURCE_ROOT; };
		7905C8D5063C4132BC401802 /* Configurations/Prod.xcconfig */ = {isa = PBXFileReference; lastKnownFileType = text.xcconfig; path = Configurations/Prod.xcconfig; sourceTree = SOURCE_ROOT; };
		82F117ED44547F48A25264E3 /* pippipgo/Intelligence/PipHomeView.swift */ = {isa = PBXFileReference; lastKnownFileType = sourcecode.swift; path = pippipgo/Intelligence/PipHomeView.swift; sourceTree = SOURCE_ROOT; };
		8F8437EB841B47BF906EEFF2 /* Configurations/Common.xcconfig */ = {isa = PBXFileReference; lastKnownFileType = text.xcconfig; path = Configurations/Common.xcconfig; sourceTree = SOURCE_ROOT; };
		93AA7315E4B3C8D10B7E618A /* pippipgo/Views/RootView.swift */ = {isa = PBXFileReference; lastKnownFileType = sourcecode.swift; path = pippipgo/Views/RootView.swift; sourceTree = SOURCE_ROOT; };
		A4E59977254D493A953F2191 /* pippipgo/Intelligence/CurrentLocationStore.swift */ = {isa = PBXFileReference; lastKnownFileType = sourcecode.swift; path = pippipgo/Intelligence/CurrentLocationStore.swift; sourceTree = SOURCE_ROOT; };
		AABB00112233445566778801 /* pippipgo/Intelligence/TravelOrganizer.swift */ = {isa = PBXFileReference; lastKnownFileType = sourcecode.swift; path = pippipgo/Intelligence/TravelOrganizer.swift; sourceTree = SOURCE_ROOT; };
		B54AE6BF7A17282BD9447BE2 /* pippipgoTests/TokenSetTests.swift */ = {isa = PBXFileReference; lastKnownFileType = sourcecode.swift; path = pippipgoTests/TokenSetTests.swift; sourceTree = SOURCE_ROOT; };
		BBCC00112233445566778801 /* pippipgo/Intelligence/LiveVoice.swift */ = {isa = PBXFileReference; lastKnownFileType = sourcecode.swift; path = pippipgo/Intelligence/LiveVoice.swift; sourceTree = SOURCE_ROOT; };
		BBCC00112233445566779901 /* pippipgo/Intelligence/LiveTranslation.swift */ = {isa = PBXFileReference; lastKnownFileType = sourcecode.swift; path = pippipgo/Intelligence/LiveTranslation.swift; sourceTree = SOURCE_ROOT; };
		BCC6E64B306792BD007721AD /* Assets.xcassets */ = {isa = PBXFileReference; lastKnownFileType = folder.assetcatalog; path = Assets.xcassets; sourceTree = "<group>"; };
		C12345678901234567890123A /* pippipgo/Resources/Localizable.xcstrings */ = {isa = PBXFileReference; lastKnownFileType = text.json.xcstrings; path = pippipgo/Resources/Localizable.xcstrings; sourceTree = SOURCE_ROOT; };
		CCDDEE001122334455667701 /* pippipgo/App/TalkToPipIntent.swift */ = {isa = PBXFileReference; lastKnownFileType = sourcecode.swift; path = pippipgo/App/TalkToPipIntent.swift; sourceTree = SOURCE_ROOT; };
		D7FC6594536B92CBDD9A9AB8 /* pippipgo/Authentication/AuthModels.swift */ = {isa = PBXFileReference; lastKnownFileType = sourcecode.swift; path = pippipgo/Authentication/AuthModels.swift; sourceTree = SOURCE_ROOT; };
		DCCE157C7AAA02B8867AD4C2 /* pippipgo/Views/WelcomeView.swift */ = {isa = PBXFileReference; lastKnownFileType = sourcecode.swift; path = pippipgo/Views/WelcomeView.swift; sourceTree = SOURCE_ROOT; };
		DDEE00112233445566778801 /* pippipgo/Intelligence/ConversationContext.swift */ = {isa = PBXFileReference; lastKnownFileType = sourcecode.swift; path = pippipgo/Intelligence/ConversationContext.swift; sourceTree = SOURCE_ROOT; };
		E33000000000000000000002 /* LaunchScreen.storyboard */ = {isa = PBXFileReference; lastKnownFileType = file.storyboard; path = LaunchScreen.storyboard; sourceTree = "<group>"; };
		EEFF00112233445566778801 /* pippipgoTests/ConversationContextTests.swift */ = {isa = PBXFileReference; lastKnownFileType = sourcecode.swift; path = pippipgoTests/ConversationContextTests.swift; sourceTree = SOURCE_ROOT; };
		EEFF00112233445566779901 /* pippipgoTests/LiveTranslationTests.swift */ = {isa = PBXFileReference; lastKnownFileType = sourcecode.swift; path = pippipgoTests/LiveTranslationTests.swift; sourceTree = SOURCE_ROOT; };
		F0FB40147CE94E8F6D0F626A /* pippipgo/Networking/APIClient.swift */ = {isa = PBXFileReference; lastKnownFileType = sourcecode.swift; path = pippipgo/Networking/APIClient.swift; sourceTree = SOURCE_ROOT; };
		F7432E3FE07086621256F7BE /* pippipgo/Intelligence/TravelerIntelligence.swift */ = {isa = PBXFileReference; lastKnownFileType = sourcecode.swift; path = pippipgo/Intelligence/TravelerIntelligence.swift; sourceTree = SOURCE_ROOT; };
/* End PBXFileReference section */

/* Begin PBXFrameworksBuildPhase section */
		74A9612B33B4AE38238DF861 /* Frameworks */ = {
			isa = PBXFrameworksBuildPhase;
			buildActionMask = 2147483647;
			files = (
			);
			runOnlyForDeploymentPostprocessing = 0;
		};
		9A034D95CE50E5626A79F555 /* Frameworks */ = {
			isa = PBXFrameworksBuildPhase;
			buildActionMask = 2147483647;
			files = (
			);
			runOnlyForDeploymentPostprocessing = 0;
		};
/* End PBXFrameworksBuildPhase section */

/* Begin PBXGroup section */
		097A6B6AEB4290CFBF4047CC /* pippipgo */ = {
			isa = PBXGroup;
			children = (
				82F117ED44547F48A25264E3 /* pippipgo/Intelligence/PipHomeView.swift */,
				AABB00112233445566778801 /* pippipgo/Intelligence/TravelOrganizer.swift */,
				CCDDEE001122334455667701 /* pippipgo/App/TalkToPipIntent.swift */,
				DDEE00112233445566778801 /* pippipgo/Intelligence/ConversationContext.swift */,
				A4E59977254D493A953F2191 /* pippipgo/Intelligence/CurrentLocationStore.swift */,
				BBCC00112233445566778801 /* pippipgo/Intelligence/LiveVoice.swift */,
				BBCC00112233445566779901 /* pippipgo/Intelligence/LiveTranslation.swift */,
				F7432E3FE07086621256F7BE /* pippipgo/Intelligence/TravelerIntelligence.swift */,
				56969A1272136C594F4850CE /* pippipgo/App/AppConfiguration.swift */,
				53E7947F88D00B53FB6BE799 /* pippipgo/App/pippipgoApp.swift */,
				D7FC6594536B92CBDD9A9AB8 /* pippipgo/Authentication/AuthModels.swift */,
				78135006815C8EF8C18FD67F /* pippipgo/Authentication/AuthenticationService.swift */,
				5F80774D861EF0EC7C63E724 /* pippipgo/Authentication/AuthenticationStore.swift */,
				04B5A7AB86A3EEBC6072BDB7 /* pippipgo/Authentication/CognitoClient.swift */,
				0CD180DAD3324907BA95633D /* pippipgo/Authentication/KeychainStore.swift */,
				37E4DC20534F270500B78BDD /* pippipgo/Authentication/OAuthCallback.swift */,
				79012E022BA388E795423106 /* pippipgo/Authentication/PKCE.swift */,
				5827A3A67014C66A24897F1D /* pippipgo/Authentication/WebAuthenticationSession.swift */,
				6B4D02ED4FA0119EDDAEB31A /* pippipgo/Models/APIModels.swift */,
				F0FB40147CE94E8F6D0F626A /* pippipgo/Networking/APIClient.swift */,
				64FDDF13B10336349E76822A /* pippipgo/Resources/Debug-Info.plist */,
				66C4FE8199D0018E8925718A /* pippipgo/Resources/Release-Info.plist */,
				2C068222C123F0F3E07E5C90 /* pippipgo/Views/AccountView.swift */,
				93AA7315E4B3C8D10B7E618A /* pippipgo/Views/RootView.swift */,
				DCCE157C7AAA02B8867AD4C2 /* pippipgo/Views/WelcomeView.swift */,
				BCC6E64A306792B8007721AD /* Resources */,
			);
			name = pippipgo;
			sourceTree = "<group>";
		};
		B28B7AF69320201D1CF206EB = {
			isa = PBXGroup;
			children = (
				8F8437EB841B47BF906EEFF2 /* Configurations/Common.xcconfig */,
				7905C8D5063C4132BC401802 /* Configurations/Prod.xcconfig */,
				2D1ACF13AFFF496A81EA880E /* Configurations/Dev.xcconfig */,
				23BD9DA4DCDC4906A1C22714 /* Configurations/Local.xcconfig */,
				097A6B6AEB4290CFBF4047CC /* pippipgo */,
				FB153DB8334F7635C113C040 /* pippipgoTests */,
				FBDC4F23F93125BBEEAE800C /* Products */,
			);
			sourceTree = "<group>";
		};
		BCC6E64A306792B8007721AD /* Resources */ = {
			isa = PBXGroup;
			children = (
				BCC6E64B306792BD007721AD /* Assets.xcassets */,
				AB1060000000000000000002 /* PipStartup.wav */,
				AB1070000000000000000002 /* VoicePreviews */,
				E33000000000000000000002 /* LaunchScreen.storyboard */,
				C12345678901234567890123A /* pippipgo/Resources/Localizable.xcstrings */,
			);
			path = Resources;
			sourceTree = "<group>";
		};
		FB153DB8334F7635C113C040 /* pippipgoTests */ = {
			isa = PBXGroup;
			children = (
				09AAADA0DD1E499C8E85EA37 /* pippipgoTests/AppConfigurationTests.swift */,
				EEFF00112233445566778801 /* pippipgoTests/ConversationContextTests.swift */,
				EEFF00112233445566779901 /* pippipgoTests/LiveTranslationTests.swift */,
				0DCF3D26A0C5089D31AC26BA /* pippipgoTests/APIClientTests.swift */,
				29707B315ECB0F7B45832291 /* pippipgoTests/OAuthCallbackTests.swift */,
				B54AE6BF7A17282BD9447BE2 /* pippipgoTests/TokenSetTests.swift */,
			);
			name = pippipgoTests;
			sourceTree = "<group>";
		};
		FBDC4F23F93125BBEEAE800C /* Products */ = {
			isa = PBXGroup;
			children = (
				4E783A9E10D2A8ABA38CD11C /* pippipgo.app */,
				6C7CCDEB3609F1FAA874E941 /* pippipgoTests.xctest */,
			);
			name = Products;
			sourceTree = "<group>";
		};
/* End PBXGroup section */

/* Begin PBXNativeTarget section */
		7D1043473D55BFA90E8530D3 /* pippipgo */ = {
			isa = PBXNativeTarget;
			buildConfigurationList = F37922C48DA5978D02C9E50E /* Build configuration list for PBXNativeTarget "pippipgo" */;
			buildPhases = (
				6112A69FBFA12BA0D7CE0CF9 /* Sources */,
				74A9612B33B4AE38238DF861 /* Frameworks */,
				77C69F2E7FCD95FBCB1E1C57 /* Resources */,
			);
			buildRules = (
			);
			dependencies = (
			);
			name = pippipgo;
			productName = pippipgo;
			productReference = 4E783A9E10D2A8ABA38CD11C /* pippipgo.app */;
			productType = "com.apple.product-type.application";
		};
		A94A8FE5CCB19BA61C4C0873 /* pippipgoTests */ = {
			isa = PBXNativeTarget;
			buildConfigurationList = BECB265224D91761C05FDA33 /* Build configuration list for PBXNativeTarget "pippipgoTests" */;
			buildPhases = (
				AA6C1679F755DDDEAC69EC20 /* Sources */,
				9A034D95CE50E5626A79F555 /* Frameworks */,
				BCC47F0DBC90257CB1D0A263 /* Resources */,
			);
			buildRules = (
			);
			dependencies = (
				E9FAD0C6CD43534327C0AF90 /* PBXTargetDependency */,
			);
			name = pippipgoTests;
			productName = pippipgoTests;
			productReference = 6C7CCDEB3609F1FAA874E941 /* pippipgoTests.xctest */;
			productType = "com.apple.product-type.bundle.unit-test";
		};
/* End PBXNativeTarget section */

/* Begin PBXProject section */
		98F54143AB4E86B28C3AFEE0 /* Project object */ = {
			isa = PBXProject;
			attributes = {
				BuildIndependentTargetsInParallel = YES;
				LastUpgradeCheck = 2700;
				TargetAttributes = {
					7D1043473D55BFA90E8530D3 = {
						CreatedOnToolsVersion = 27.0;
					};
					A94A8FE5CCB19BA61C4C0873 = {
						CreatedOnToolsVersion = 27.0;
						TestTargetID = 7D1043473D55BFA90E8530D3;
					};
				};
			};
			buildConfigurationList = 862894B703A6DEDF96A9DD6C /* Build configuration list for PBXProject "pippipgo" */;
			compatibilityVersion = "Xcode 14.0";
			developmentRegion = en;
			hasScannedForEncodings = 0;
			knownRegions = (
				en,
				Base,
				fa,
				ja,
				es,
				fr,
				it,
				"zh-Hans",
			);
			mainGroup = B28B7AF69320201D1CF206EB;
			productRefGroup = FBDC4F23F93125BBEEAE800C /* Products */;
			projectDirPath = "";
			projectRoot = "";
			targets = (
				7D1043473D55BFA90E8530D3 /* pippipgo */,
				A94A8FE5CCB19BA61C4C0873 /* pippipgoTests */,
			);
		};
/* End PBXProject section */

/* Begin PBXResourcesBuildPhase section */
		77C69F2E7FCD95FBCB1E1C57 /* Resources */ = {
			isa = PBXResourcesBuildPhase;
			buildActionMask = 2147483647;
			files = (
				BCC6E64C306792BD007721AD /* Assets.xcassets in Resources */,
				AB1060000000000000000001 /* PipStartup.wav in Resources */,
				AB1070000000000000000001 /* VoicePreviews in Resources */,
				E33000000000000000000001 /* LaunchScreen.storyboard in Resources */,
				C12345678901234567890123B /* pippipgo/Resources/Localizable.xcstrings in Resources */,
			);
			runOnlyForDeploymentPostprocessing = 0;
		};
		BCC47F0DBC90257CB1D0A263 /* Resources */ = {
			isa = PBXResourcesBuildPhase;
			buildActionMask = 2147483647;
			files = (
			);
			runOnlyForDeploymentPostprocessing = 0;
		};
/* End PBXResourcesBuildPhase section */

/* Begin PBXSourcesBuildPhase section */
		6112A69FBFA12BA0D7CE0CF9 /* Sources */ = {
			isa = PBXSourcesBuildPhase;
			buildActionMask = 2147483647;
			files = (
				85D01F5FA58F3D44F3EEC2EB /* pippipgo/Intelligence/PipHomeView.swift in Sources */,
				AABB00112233445566778800 /* pippipgo/Intelligence/TravelOrganizer.swift in Sources */,
				CCDDEE001122334455667700 /* pippipgo/App/TalkToPipIntent.swift in Sources */,
				DDEE00112233445566778800 /* pippipgo/Intelligence/ConversationContext.swift in Sources */,
				A4E59977254D493A953F2190 /* pippipgo/Intelligence/CurrentLocationStore.swift in Sources */,
				BBCC00112233445566778800 /* pippipgo/Intelligence/LiveVoice.swift in Sources */,
				BBCC00112233445566779900 /* pippipgo/Intelligence/LiveTranslation.swift in Sources */,
				FE92C7C39C5007460E9702EA /* pippipgo/Intelligence/TravelerIntelligence.swift in Sources */,
				BBB91D69F28837490217694D /* pippipgo/App/AppConfiguration.swift in Sources */,
				600834F9F70DBB19E2CB3C51 /* pippipgo/App/pippipgoApp.swift in Sources */,
				925871D8B7D113DA817747AF /* pippipgo/Authentication/AuthModels.swift in Sources */,
				7E95B7B8F1FC557E4F714AB0 /* pippipgo/Authentication/AuthenticationService.swift in Sources */,
				E2B56D09AF03067C2E424E84 /* pippipgo/Authentication/AuthenticationStore.swift in Sources */,
				92FB028535EDD7B229161825 /* pippipgo/Authentication/CognitoClient.swift in Sources */,
				895F76E701808132AAA253BA /* pippipgo/Authentication/KeychainStore.swift in Sources */,
				ECAEF52020C52402613158E3 /* pippipgo/Authentication/OAuthCallback.swift in Sources */,
				76BE2B073C9E8E69BB7A2BEF /* pippipgo/Authentication/PKCE.swift in Sources */,
				5DEBF9C2EB36134EF49CF6D2 /* pippipgo/Authentication/WebAuthenticationSession.swift in Sources */,
				524E5E91DE125A8D0B37CD8B /* pippipgo/Models/APIModels.swift in Sources */,
				115C62EF751601B1BEB250C6 /* pippipgo/Networking/APIClient.swift in Sources */,
				C3403EA2321FDDD7B221862B /* pippipgo/Views/AccountView.swift in Sources */,
				8A7D0AAA03B3D954C16ECC93 /* pippipgo/Views/RootView.swift in Sources */,
				079A596F004B80CE9ACD0DFB /* pippipgo/Views/WelcomeView.swift in Sources */,
			);
			runOnlyForDeploymentPostprocessing = 0;
		};
		AA6C1679F755DDDEAC69EC20 /* Sources */ = {
			isa = PBXSourcesBuildPhase;
			buildActionMask = 2147483647;
			files = (
				AED50F1272344B44A096F419 /* pippipgoTests/AppConfigurationTests.swift in Sources */,
				EEFF00112233445566778800 /* pippipgoTests/ConversationContextTests.swift in Sources */,
				EEFF00112233445566779900 /* pippipgoTests/LiveTranslationTests.swift in Sources */,
				61CD483D2A54398A61F34769 /* pippipgoTests/APIClientTests.swift in Sources */,
				13942DEE7CC5ED9161D3E70E /* pippipgoTests/OAuthCallbackTests.swift in Sources */,
				9CE9C45DDE146537EF2B33C5 /* pippipgoTests/TokenSetTests.swift in Sources */,
			);
			runOnlyForDeploymentPostprocessing = 0;
		};
/* End PBXSourcesBuildPhase section */

/* Begin PBXTargetDependency section */
		E9FAD0C6CD43534327C0AF90 /* PBXTargetDependency */ = {
			isa = PBXTargetDependency;
			target = 7D1043473D55BFA90E8530D3 /* pippipgo */;
			targetProxy = D799BAE6088A90139B415FCC /* PBXContainerItemProxy */;
		};
/* End PBXTargetDependency section */

/* Begin XCBuildConfiguration section */
		499525EB00DE4C298FA2DA9F /* Dev */ = {
			isa = XCBuildConfiguration;
			buildSettings = {
				BUNDLE_LOADER = "$(TEST_HOST)";
				CODE_SIGN_STYLE = Automatic;
				DEVELOPMENT_TEAM = U47SMLD234;
				GENERATE_INFOPLIST_FILE = YES;
				LD_RUNPATH_SEARCH_PATHS = (
					"$(inherited)",
					"@executable_path/Frameworks",
					"@loader_path/Frameworks",
				);
				PRODUCT_BUNDLE_IDENTIFIER = com.pippipgo.ios.tests;
				PRODUCT_NAME = "$(TARGET_NAME)";
				SUPPORTED_PLATFORMS = "iphoneos iphonesimulator";
				TARGETED_DEVICE_FAMILY = "1,2";
				TEST_HOST = "$(BUILT_PRODUCTS_DIR)/pippipgo.app/$(BUNDLE_EXECUTABLE_FOLDER_PATH)/pippipgo";
			};
			name = Dev;
		};
		5A8C91857F674E16E2724F47 /* Prod */ = {
			isa = XCBuildConfiguration;
			baseConfigurationReference = 7905C8D5063C4132BC401802 /* Configurations/Prod.xcconfig */;
			buildSettings = {
				ASSETCATALOG_COMPILER_APPICON_NAME = AppIcon;
				CODE_SIGN_IDENTITY = "Apple Development";
				CODE_SIGN_STYLE = Automatic;
				DEVELOPMENT_TEAM = U47SMLD234;
				GENERATE_INFOPLIST_FILE = YES;
				INFOPLIST_FILE = "pippipgo/Resources/Release-Info.plist";
				INFOPLIST_KEY_CFBundleDisplayName = "$(PIPPIPGO_DISPLAY_NAME)";
				INFOPLIST_KEY_ITSAppUsesNonExemptEncryption = NO;
				INFOPLIST_KEY_NSLocationWhenInUseUsageDescription = "PipPipGo uses your location, including precise coordinates when allowed, for nearby travel suggestions and conversation context shared with OpenAI.";
				INFOPLIST_KEY_NSMicrophoneUsageDescription = "Talk to Pip or translate conversations live. Audio is shared with OpenAI while voice or translation is active.";
				INFOPLIST_KEY_NSSpeechRecognitionUsageDescription = "Turn your spoken trip plans into text for you to review before sending to Pip.";
				INFOPLIST_KEY_UILaunchStoryboardName = LaunchScreen;
				INFOPLIST_KEY_UISupportedInterfaceOrientations = "UIInterfaceOrientationPortrait UIInterfaceOrientationPortraitUpsideDown UIInterfaceOrientationLandscapeLeft UIInterfaceOrientationLandscapeRight";
				INFOPLIST_KEY_UISupportedInterfaceOrientations_iPad = "UIInterfaceOrientationPortrait UIInterfaceOrientationPortraitUpsideDown UIInterfaceOrientationLandscapeLeft UIInterfaceOrientationLandscapeRight";
				LD_RUNPATH_SEARCH_PATHS = (
					"$(inherited)",
					"@executable_path/Frameworks",
				);
				PRODUCT_BUNDLE_IDENTIFIER = com.pippipgo.ios;
				PRODUCT_NAME = "$(TARGET_NAME)";
				PROVISIONING_PROFILE_SPECIFIER = "";
				SUPPORTED_PLATFORMS = "iphoneos iphonesimulator";
				SUPPORTS_MACCATALYST = NO;
				TARGETED_DEVICE_FAMILY = "1,2";
			};
			name = Prod;
		};
		89E1FD6268CC0F221A2BE178 /* Local */ = {
			isa = XCBuildConfiguration;
			buildSettings = {
				CLANG_ENABLE_MODULES = YES;
				DEBUG_INFORMATION_FORMAT = dwarf;
				ENABLE_TESTABILITY = YES;
				IPHONEOS_DEPLOYMENT_TARGET = 17.0;
				SDKROOT = iphoneos;
				SWIFT_ACTIVE_COMPILATION_CONDITIONS = DEBUG;
				SWIFT_OPTIMIZATION_LEVEL = "-Onone";
				SWIFT_VERSION = 5.0;
			};
			name = Local;
		};
		942EEBBACD6C88CAE7F29B29 /* Prod */ = {
			isa = XCBuildConfiguration;
			buildSettings = {
				BUNDLE_LOADER = "$(TEST_HOST)";
				CODE_SIGN_STYLE = Automatic;
				DEVELOPMENT_TEAM = U47SMLD234;
				GENERATE_INFOPLIST_FILE = YES;
				LD_RUNPATH_SEARCH_PATHS = (
					"$(inherited)",
					"@executable_path/Frameworks",
					"@loader_path/Frameworks",
				);
				PRODUCT_BUNDLE_IDENTIFIER = com.pippipgo.ios.tests;
				PRODUCT_NAME = "$(TARGET_NAME)";
				SUPPORTED_PLATFORMS = "iphoneos iphonesimulator";
				TARGETED_DEVICE_FAMILY = "1,2";
				TEST_HOST = "$(BUILT_PRODUCTS_DIR)/pippipgo.app/$(BUNDLE_EXECUTABLE_FOLDER_PATH)/pippipgo";
			};
			name = Prod;
		};
		C4D865FA4BD249719F1F38AC /* Dev */ = {
			isa = XCBuildConfiguration;
			buildSettings = {
				CLANG_ENABLE_MODULES = YES;
				DEBUG_INFORMATION_FORMAT = dwarf;
				ENABLE_TESTABILITY = YES;
				IPHONEOS_DEPLOYMENT_TARGET = 17.0;
				SDKROOT = iphoneos;
				SWIFT_ACTIVE_COMPILATION_CONDITIONS = DEBUG;
				SWIFT_OPTIMIZATION_LEVEL = "-Onone";
				SWIFT_VERSION = 5.0;
			};
			name = Dev;
		};
		E6DE6C99132752C914FEF632 /* Prod */ = {
			isa = XCBuildConfiguration;
			buildSettings = {
				CLANG_ENABLE_MODULES = YES;
				DEBUG_INFORMATION_FORMAT = "dwarf-with-dsym";
				ENABLE_TESTABILITY = NO;
				IPHONEOS_DEPLOYMENT_TARGET = 17.0;
				SDKROOT = iphoneos;
				SWIFT_ACTIVE_COMPILATION_CONDITIONS = "";
				SWIFT_OPTIMIZATION_LEVEL = "-O";
				SWIFT_VERSION = 5.0;
			};
			name = Prod;
		};
		E9B2E96ABC5F6856F2BE79CF /* Local */ = {
			isa = XCBuildConfiguration;
			baseConfigurationReference = 23BD9DA4DCDC4906A1C22714 /* Configurations/Local.xcconfig */;
			buildSettings = {
				ASSETCATALOG_COMPILER_APPICON_NAME = AppIcon;
				CODE_SIGN_STYLE = Automatic;
				DEVELOPMENT_TEAM = U47SMLD234;
				GENERATE_INFOPLIST_FILE = YES;
				INFOPLIST_FILE = "pippipgo/Resources/Debug-Info.plist";
				INFOPLIST_KEY_CFBundleDisplayName = "$(PIPPIPGO_DISPLAY_NAME)";
				INFOPLIST_KEY_ITSAppUsesNonExemptEncryption = NO;
				INFOPLIST_KEY_NSLocationWhenInUseUsageDescription = "PipPipGo uses your location, including precise coordinates when allowed, for nearby travel suggestions and conversation context shared with OpenAI.";
				INFOPLIST_KEY_NSMicrophoneUsageDescription = "Talk to Pip or translate conversations live. Audio is shared with OpenAI while voice or translation is active.";
				INFOPLIST_KEY_NSSpeechRecognitionUsageDescription = "Turn your spoken trip plans into text for you to review before sending to Pip.";
				INFOPLIST_KEY_UILaunchStoryboardName = LaunchScreen;
				INFOPLIST_KEY_UISupportedInterfaceOrientations = "UIInterfaceOrientationPortrait UIInterfaceOrientationPortraitUpsideDown UIInterfaceOrientationLandscapeLeft UIInterfaceOrientationLandscapeRight";
				INFOPLIST_KEY_UISupportedInterfaceOrientations_iPad = "UIInterfaceOrientationPortrait UIInterfaceOrientationPortraitUpsideDown UIInterfaceOrientationLandscapeLeft UIInterfaceOrientationLandscapeRight";
				LD_RUNPATH_SEARCH_PATHS = (
					"$(inherited)",
					"@executable_path/Frameworks",
				);
				PRODUCT_BUNDLE_IDENTIFIER = com.pippipgo.ios;
				PRODUCT_NAME = "$(TARGET_NAME)";
				SUPPORTED_PLATFORMS = "iphoneos iphonesimulator";
				SUPPORTS_MACCATALYST = NO;
				TARGETED_DEVICE_FAMILY = "1,2";
			};
			name = Local;
		};
		FC129FA3F7B94999BB7D1A2E /* Dev */ = {
			isa = XCBuildConfiguration;
			baseConfigurationReference = 2D1ACF13AFFF496A81EA880E /* Configurations/Dev.xcconfig */;
			buildSettings = {
				ASSETCATALOG_COMPILER_APPICON_NAME = AppIcon;
				CODE_SIGN_STYLE = Automatic;
				DEVELOPMENT_TEAM = U47SMLD234;
				GENERATE_INFOPLIST_FILE = YES;
				INFOPLIST_FILE = "pippipgo/Resources/Release-Info.plist";
				INFOPLIST_KEY_CFBundleDisplayName = "$(PIPPIPGO_DISPLAY_NAME)";
				INFOPLIST_KEY_ITSAppUsesNonExemptEncryption = NO;
				INFOPLIST_KEY_NSLocationWhenInUseUsageDescription = "PipPipGo uses your location, including precise coordinates when allowed, for nearby travel suggestions and conversation context shared with OpenAI.";
				INFOPLIST_KEY_NSMicrophoneUsageDescription = "Talk to Pip or translate conversations live. Audio is shared with OpenAI while voice or translation is active.";
				INFOPLIST_KEY_NSSpeechRecognitionUsageDescription = "Turn your spoken trip plans into text for you to review before sending to Pip.";
				INFOPLIST_KEY_UILaunchStoryboardName = LaunchScreen;
				INFOPLIST_KEY_UISupportedInterfaceOrientations = "UIInterfaceOrientationPortrait UIInterfaceOrientationPortraitUpsideDown UIInterfaceOrientationLandscapeLeft UIInterfaceOrientationLandscapeRight";
				INFOPLIST_KEY_UISupportedInterfaceOrientations_iPad = "UIInterfaceOrientationPortrait UIInterfaceOrientationPortraitUpsideDown UIInterfaceOrientationLandscapeLeft UIInterfaceOrientationLandscapeRight";
				LD_RUNPATH_SEARCH_PATHS = (
					"$(inherited)",
					"@executable_path/Frameworks",
				);
				PRODUCT_BUNDLE_IDENTIFIER = com.pippipgo.ios;
				PRODUCT_NAME = "$(TARGET_NAME)";
				SUPPORTED_PLATFORMS = "iphoneos iphonesimulator";
				SUPPORTS_MACCATALYST = NO;
				TARGETED_DEVICE_FAMILY = "1,2";
			};
			name = Dev;
		};
		FCB48D8F88BCDB0ED9FADFD7 /* Local */ = {
			isa = XCBuildConfiguration;
			buildSettings = {
				BUNDLE_LOADER = "$(TEST_HOST)";
				CODE_SIGN_STYLE = Automatic;
				DEVELOPMENT_TEAM = U47SMLD234;
				GENERATE_INFOPLIST_FILE = YES;
				LD_RUNPATH_SEARCH_PATHS = (
					"$(inherited)",
					"@executable_path/Frameworks",
					"@loader_path/Frameworks",
				);
				PRODUCT_BUNDLE_IDENTIFIER = com.pippipgo.ios.tests;
				PRODUCT_NAME = "$(TARGET_NAME)";
				SUPPORTED_PLATFORMS = "iphoneos iphonesimulator";
				TARGETED_DEVICE_FAMILY = "1,2";
				TEST_HOST = "$(BUILT_PRODUCTS_DIR)/pippipgo.app/$(BUNDLE_EXECUTABLE_FOLDER_PATH)/pippipgo";
			};
			name = Local;
		};
/* End XCBuildConfiguration section */

/* Begin XCConfigurationList section */
		862894B703A6DEDF96A9DD6C /* Build configuration list for PBXProject "pippipgo" */ = {
			isa = XCConfigurationList;
			buildConfigurations = (
				C4D865FA4BD249719F1F38AC /* Dev */,
				89E1FD6268CC0F221A2BE178 /* Local */,
				E6DE6C99132752C914FEF632 /* Prod */,
			);
			defaultConfigurationIsVisible = 0;
			defaultConfigurationName = Prod;
		};
		BECB265224D91761C05FDA33 /* Build configuration list for PBXNativeTarget "pippipgoTests" */ = {
			isa = XCConfigurationList;
			buildConfigurations = (
				499525EB00DE4C298FA2DA9F /* Dev */,
				FCB48D8F88BCDB0ED9FADFD7 /* Local */,
				942EEBBACD6C88CAE7F29B29 /* Prod */,
			);
			defaultConfigurationIsVisible = 0;
			defaultConfigurationName = Prod;
		};
		F37922C48DA5978D02C9E50E /* Build configuration list for PBXNativeTarget "pippipgo" */ = {
			isa = XCConfigurationList;
			buildConfigurations = (
				FC129FA3F7B94999BB7D1A2E /* Dev */,
				E9B2E96ABC5F6856F2BE79CF /* Local */,
				5A8C91857F674E16E2724F47 /* Prod */,
			);
			defaultConfigurationIsVisible = 0;
			defaultConfigurationName = Prod;
		};
/* End XCConfigurationList section */
	};
	rootObject = 98F54143AB4E86B28C3AFEE0 /* Project object */;
}
